dependencies:
- name: common
  repository: file://../../common
  version: 1.0.0
- name: company
  repository: file://../../components/company
  version: 1.0.0
- name: resume
  repository: file://../../components/resume
  version: 1.0.0
- name: job
  repository: file://../../components/job
  version: 1.0.0
- name: composite
  repository: file://../../components/composite
  version: 1.0.0
digest: sha256:0976b6263b70baa23cb8a3a8f6d6b3e612ac2838731f1b809c96542443d45d07
generated: "2022-09-12T09:05:48.8795203+05:00"
