dependencies:
- name: common
  repository: file://../../common
  version: 1.0.0
- name: company
  repository: file://../../components/company
  version: 1.0.0
- name: resume
  repository: file://../../components/resume
  version: 1.0.0
- name: job
  repository: file://../../components/job
  version: 1.0.0
- name: composite
  repository: file://../../components/composite
  version: 1.0.0
- name: zipkin-server
  repository: file://../../components/zipkin-server
  version: 1.0.0
digest: sha256:fa017b4635094df14059a99bc2ca037c16f66b546458c8a0ebeeaef45517134d
generated: "2022-08-22T08:24:24.28938842+05:00"
