dependencies:
- name: common
  repository: file://../../common
  version: 1.0.0
- name: rabbitmq
  repository: file://../../components/rabbitmq
  version: 1.0.0
- name: postgres
  repository: file://../../components/postgres
  version: 1.0.0
- name: company
  repository: file://../../components/company
  version: 1.0.0
- name: resume
  repository: file://../../components/resume
  version: 1.0.0
- name: job
  repository: file://../../components/job
  version: 1.0.0
- name: composite
  repository: file://../../components/composite
  version: 1.0.0
digest: sha256:4c0b70c37ba923fa91541fb3162df6500d952ef402d95b73db9d7f74e35535c9
generated: "2022-09-12T09:00:19.712977753+05:00"
