dependencies:
- name: common
  repository: file://../../common
  version: 1.0.0
- name: rabbitmq
  repository: file://../../components/rabbitmq
  version: 1.0.0
- name: postgres
  repository: file://../../components/postgres
  version: 1.0.0
- name: company
  repository: file://../../components/company
  version: 1.0.0
- name: resume
  repository: file://../../components/resume
  version: 1.0.0
- name: job
  repository: file://../../components/job
  version: 1.0.0
- name: composite
  repository: file://../../components/composite
  version: 1.0.0
- name: zipkin-server
  repository: file://../../components/zipkin-server
  version: 1.0.0
digest: sha256:e81b0a5a1ec77c3927512978e99c5015f43277ce46a6c7c39282f8e9bd12fc6f
generated: "2022-08-22T08:24:24.123596686+05:00"
